
Microsoft Visual Studio Solution File, Format Version 12.00
# Visual Studio Version 17
VisualStudioVersion = 17.9.34616.47
MinimumVisualStudioVersion = 10.0.40219.1
Project("{FAE04EC0-301F-11D3-BF4B-00C04F79EFBC}") = "Задача1", "Задача1\Задача1.csproj", "{79F26F07-0DFC-4AF3-97C4-48AE11D2E5C2}"
EndProject
Project("{FAE04EC0-301F-11D3-BF4B-00C04F79EFBC}") = "Задача2", "Задача2\Задача2.csproj", "{551DF79C-6100-4C5F-B502-84E186D05DE2}"
EndProject
Project("{FAE04EC0-301F-11D3-BF4B-00C04F79EFBC}") = "Задача3", "Задача3\Задача3.csproj", "{8D83231A-3A09-4C26-9935-1F9C9634DB3B}"
EndProject
Global
	GlobalSection(SolutionConfigurationPlatforms) = preSolution
		Debug|Any CPU = Debug|Any CPU
		Release|Any CPU = Release|Any CPU
	EndGlobalSection
	GlobalSection(ProjectConfigurationPlatforms) = postSolution
		{79F26F07-0DFC-4AF3-97C4-48AE11D2E5C2}.Debug|Any CPU.ActiveCfg = Debug|Any CPU
		{79F26F07-0DFC-4AF3-97C4-48AE11D2E5C2}.Debug|Any CPU.Build.0 = Debug|Any CPU
		{79F26F07-0DFC-4AF3-97C4-48AE11D2E5C2}.Release|Any CPU.ActiveCfg = Release|Any CPU
		{79F26F07-0DFC-4AF3-97C4-48AE11D2E5C2}.Release|Any CPU.Build.0 = Release|Any CPU
		{551DF79C-6100-4C5F-B502-84E186D05DE2}.Debug|Any CPU.ActiveCfg = Debug|Any CPU
		{551DF79C-6100-4C5F-B502-84E186D05DE2}.Debug|Any CPU.Build.0 = Debug|Any CPU
		{551DF79C-6100-4C5F-B502-84E186D05DE2}.Release|Any CPU.ActiveCfg = Release|Any CPU
		{551DF79C-6100-4C5F-B502-84E186D05DE2}.Release|Any CPU.Build.0 = Release|Any CPU
		{8D83231A-3A09-4C26-9935-1F9C9634DB3B}.Debug|Any CPU.ActiveCfg = Debug|Any CPU
		{8D83231A-3A09-4C26-9935-1F9C9634DB3B}.Debug|Any CPU.Build.0 = Debug|Any CPU
		{8D83231A-3A09-4C26-9935-1F9C9634DB3B}.Release|Any CPU.ActiveCfg = Release|Any CPU
		{8D83231A-3A09-4C26-9935-1F9C9634DB3B}.Release|Any CPU.Build.0 = Release|Any CPU
	EndGlobalSection
	GlobalSection(SolutionProperties) = preSolution
		HideSolutionNode = FALSE
	EndGlobalSection
	GlobalSection(ExtensibilityGlobals) = postSolution
		SolutionGuid = {1D357916-0552-49FA-A123-D23EC0371F60}
	EndGlobalSection
EndGlobal
