
Microsoft Visual Studio Solution File, Format Version 12.00
# Visual Studio Version 17
VisualStudioVersion = 17.9.34714.143
MinimumVisualStudioVersion = 10.0.40219.1
Project("{FAE04EC0-301F-11D3-BF4B-00C04F79EFBC}") = "Задача1", "Задача1\Задача1.csproj", "{C7300CAA-3BE7-48D1-AFA4-62009B985224}"
EndProject
Global
	GlobalSection(SolutionConfigurationPlatforms) = preSolution
		Debug|Any CPU = Debug|Any CPU
		Release|Any CPU = Release|Any CPU
	EndGlobalSection
	GlobalSection(ProjectConfigurationPlatforms) = postSolution
		{C7300CAA-3BE7-48D1-AFA4-62009B985224}.Debug|Any CPU.ActiveCfg = Debug|Any CPU
		{C7300CAA-3BE7-48D1-AFA4-62009B985224}.Debug|Any CPU.Build.0 = Debug|Any CPU
		{C7300CAA-3BE7-48D1-AFA4-62009B985224}.Release|Any CPU.ActiveCfg = Release|Any CPU
		{C7300CAA-3BE7-48D1-AFA4-62009B985224}.Release|Any CPU.Build.0 = Release|Any CPU
	EndGlobalSection
	GlobalSection(SolutionProperties) = preSolution
		HideSolutionNode = FALSE
	EndGlobalSection
	GlobalSection(ExtensibilityGlobals) = postSolution
		SolutionGuid = {807A19D8-A91B-4502-9B6B-10CADE208219}
	EndGlobalSection
EndGlobal
